
Microsoft Visual Studio Solution File, Format Version 12.00
# Visual Studio Version 17
VisualStudioVersion = 17.0.31903.59
MinimumVisualStudioVersion = 10.0.40219.1
Project("{2150E333-8FDC-42A3-9474-1A3956D46DE8}") = "src", "src", "{DD8F0A58-EA0E-41F8-8540-77AF3A4804E9}"
EndProject
Project("{FAE04EC0-301F-11D3-BF4B-00C04F79EFBC}") = "Minesweeper.Console", "src\Minesweeper.Console\Minesweeper.Console.csproj", "{A9A07E58-49A8-40CC-B9D6-3457E3DCBDC1}"
EndProject
Project("{FAE04EC0-301F-11D3-BF4B-00C04F79EFBC}") = "Minesweeper.Test", "src\Minesweeper.Test\Minesweeper.Test.csproj", "{868F0785-897C-4B28-AF4A-2A51A3BDA2F6}"
EndProject
Global
	GlobalSection(SolutionConfigurationPlatforms) = preSolution
		Debug|Any CPU = Debug|Any CPU
		Release|Any CPU = Release|Any CPU
	EndGlobalSection
	GlobalSection(SolutionProperties) = preSolution
		HideSolutionNode = FALSE
	EndGlobalSection
	GlobalSection(ProjectConfigurationPlatforms) = postSolution
		{A9A07E58-49A8-40CC-B9D6-3457E3DCBDC1}.Debug|Any CPU.ActiveCfg = Debug|Any CPU
		{A9A07E58-49A8-40CC-B9D6-3457E3DCBDC1}.Debug|Any CPU.Build.0 = Debug|Any CPU
		{A9A07E58-49A8-40CC-B9D6-3457E3DCBDC1}.Release|Any CPU.ActiveCfg = Release|Any CPU
		{A9A07E58-49A8-40CC-B9D6-3457E3DCBDC1}.Release|Any CPU.Build.0 = Release|Any CPU
		{868F0785-897C-4B28-AF4A-2A51A3BDA2F6}.Debug|Any CPU.ActiveCfg = Debug|Any CPU
		{868F0785-897C-4B28-AF4A-2A51A3BDA2F6}.Debug|Any CPU.Build.0 = Debug|Any CPU
		{868F0785-897C-4B28-AF4A-2A51A3BDA2F6}.Release|Any CPU.ActiveCfg = Release|Any CPU
		{868F0785-897C-4B28-AF4A-2A51A3BDA2F6}.Release|Any CPU.Build.0 = Release|Any CPU
	EndGlobalSection
	GlobalSection(NestedProjects) = preSolution
		{A9A07E58-49A8-40CC-B9D6-3457E3DCBDC1} = {DD8F0A58-EA0E-41F8-8540-77AF3A4804E9}
		{868F0785-897C-4B28-AF4A-2A51A3BDA2F6} = {DD8F0A58-EA0E-41F8-8540-77AF3A4804E9}
	EndGlobalSection
EndGlobal
